// !$*UTF8*$!
{
	archiveVersion = 1;
	classes = {
	};
	objectVersion = 46;
	objects = {

/* Begin PBXBuildFile section */
		CE20BFB41E5B43CD00A03537 /* test2.cpp in Sources */ = {isa = PBXBuildFile; fileRef = CE20BFB21E5B43CD00A03537 /* test2.cpp */; };
		CE50C3F11E685F5B00522768 /* AutoSignal.cpp in Sources */ = {isa = PBXBuildFile; fileRef = CE50C3EF1E685F5B00522768 /* AutoSignal.cpp */; };
		CE88C8A11BFB3BCD00A43AD9 /* main.cpp in Sources */ = {isa = PBXBuildFile; fileRef = CE88C8A01BFB3BCD00A43AD9 /* main.cpp */; };
		CE88C8A91BFB3D8500A43AD9 /* test.cpp in Sources */ = {isa = PBXBuildFile; fileRef = CE88C8A71BFB3D8500A43AD9 /* test.cpp */; };
/* End PBXBuildFile section */

/* Begin PBXCopyFilesBuildPhase section */
		CE88C89B1BFB3BCD00A43AD9 /* CopyFiles */ = {
			isa = PBXCopyFilesBuildPhase;
			buildActionMask = 2147483647;
			dstPath = /usr/share/man/man1/;
			dstSubfolderSpec = 0;
			files = (
			);
			runOnlyForDeploymentPostprocessing = 1;
		};
/* End PBXCopyFilesBuildPhase section */

/* Begin PBXFileReference section */
		CE20BFB21E5B43CD00A03537 /* test2.cpp */ = {isa = PBXFileReference; fileEncoding = 4; lastKnownFileType = sourcecode.cpp.cpp; path = test2.cpp; sourceTree = "<group>"; };
		CE20BFB31E5B43CD00A03537 /* test2.hpp */ = {isa = PBXFileReference; fileEncoding = 4; lastKnownFileType = sourcecode.cpp.h; path = test2.hpp; sourceTree = "<group>"; };
		CE50C3EA1E66ED4400522768 /* SimpleEventManager.cpp */ = {isa = PBXFileReference; lastKnownFileType = sourcecode.cpp.cpp; path = SimpleEventManager.cpp; sourceTree = "<group>"; };
		CE50C3EB1E66ED4400522768 /* SimpleEventManager.h */ = {isa = PBXFileReference; lastKnownFileType = sourcecode.c.h; path = SimpleEventManager.h; sourceTree = "<group>"; };
		CE50C3EF1E685F5B00522768 /* AutoSignal.cpp */ = {isa = PBXFileReference; fileEncoding = 4; lastKnownFileType = sourcecode.cpp.cpp; path = AutoSignal.cpp; sourceTree = "<group>"; };
		CE50C3F01E685F5B00522768 /* AutoSignal.h */ = {isa = PBXFileReference; fileEncoding = 4; lastKnownFileType = sourcecode.c.h; path = AutoSignal.h; sourceTree = "<group>"; };
		CE88C89D1BFB3BCD00A43AD9 /* testCommandLine */ = {isa = PBXFileReference; explicitFileType = "compiled.mach-o.executable"; includeInIndex = 0; path = testCommandLine; sourceTree = BUILT_PRODUCTS_DIR; };
		CE88C8A01BFB3BCD00A43AD9 /* main.cpp */ = {isa = PBXFileReference; lastKnownFileType = sourcecode.cpp.cpp; path = main.cpp; sourceTree = "<group>"; };
		CE88C8A71BFB3D8500A43AD9 /* test.cpp */ = {isa = PBXFileReference; fileEncoding = 4; lastKnownFileType = sourcecode.cpp.cpp; path = test.cpp; sourceTree = "<group>"; };
		CE88C8A81BFB3D8500A43AD9 /* test.h */ = {isa = PBXFileReference; fileEncoding = 4; lastKnownFileType = sourcecode.c.h; path = test.h; sourceTree = "<group>"; };
/* End PBXFileReference section */

/* Begin PBXFrameworksBuildPhase section */
		CE88C89A1BFB3BCD00A43AD9 /* Frameworks */ = {
			isa = PBXFrameworksBuildPhase;
			buildActionMask = 2147483647;
			files = (
			);
			runOnlyForDeploymentPostprocessing = 0;
		};
/* End PBXFrameworksBuildPhase section */

/* Begin PBXGroup section */
		CE50C3E91E66ED4400522768 /* simpleEventsSystem */ = {
			isa = PBXGroup;
			children = (
				CE50C3EA1E66ED4400522768 /* SimpleEventManager.cpp */,
				CE50C3EB1E66ED4400522768 /* SimpleEventManager.h */,
			);
			path = simpleEventsSystem;
			sourceTree = "<group>";
		};
		CE88C8941BFB3BCD00A43AD9 = {
			isa = PBXGroup;
			children = (
				CE88C89F1BFB3BCD00A43AD9 /* testCommandLine */,
				CE88C89E1BFB3BCD00A43AD9 /* Products */,
			);
			sourceTree = "<group>";
		};
		CE88C89E1BFB3BCD00A43AD9 /* Products */ = {
			isa = PBXGroup;
			children = (
				CE88C89D1BFB3BCD00A43AD9 /* testCommandLine */,
			);
			name = Products;
			sourceTree = "<group>";
		};
		CE88C89F1BFB3BCD00A43AD9 /* testCommandLine */ = {
			isa = PBXGroup;
			children = (
				CE88C8A01BFB3BCD00A43AD9 /* main.cpp */,
				CE88C8A71BFB3D8500A43AD9 /* test.cpp */,
				CE88C8A81BFB3D8500A43AD9 /* test.h */,
				CE20BFB21E5B43CD00A03537 /* test2.cpp */,
				CE20BFB31E5B43CD00A03537 /* test2.hpp */,
				CE50C3EF1E685F5B00522768 /* AutoSignal.cpp */,
				CE50C3F01E685F5B00522768 /* AutoSignal.h */,
				CE50C3E91E66ED4400522768 /* simpleEventsSystem */,
			);
			path = testCommandLine;
			sourceTree = "<group>";
		};
/* End PBXGroup section */

/* Begin PBXNativeTarget section */
		CE88C89C1BFB3BCD00A43AD9 /* testCommandLine */ = {
			isa = PBXNativeTarget;
			buildConfigurationList = CE88C8A41BFB3BCD00A43AD9 /* Build configuration list for PBXNativeTarget "testCommandLine" */;
			buildPhases = (
				CE88C8991BFB3BCD00A43AD9 /* Sources */,
				CE88C89A1BFB3BCD00A43AD9 /* Frameworks */,
				CE88C89B1BFB3BCD00A43AD9 /* CopyFiles */,
			);
			buildRules = (
			);
			dependencies = (
			);
			name = testCommandLine;
			productName = testCommandLine;
			productReference = CE88C89D1BFB3BCD00A43AD9 /* testCommandLine */;
			productType = "com.apple.product-type.tool";
		};
/* End PBXNativeTarget section */

/* Begin PBXProject section */
		CE88C8951BFB3BCD00A43AD9 /* Project object */ = {
			isa = PBXProject;
			attributes = {
				LastUpgradeCheck = 0820;
				ORGANIZATIONNAME = "Mikhail Pomakhin";
				TargetAttributes = {
					CE88C89C1BFB3BCD00A43AD9 = {
						CreatedOnToolsVersion = 7.0.1;
					};
				};
			};
			buildConfigurationList = CE88C8981BFB3BCD00A43AD9 /* Build configuration list for PBXProject "testCommandLine" */;
			compatibilityVersion = "Xcode 3.2";
			developmentRegion = English;
			hasScannedForEncodings = 0;
			knownRegions = (
				en,
			);
			mainGroup = CE88C8941BFB3BCD00A43AD9;
			productRefGroup = CE88C89E1BFB3BCD00A43AD9 /* Products */;
			projectDirPath = "";
			projectRoot = "";
			targets = (
				CE88C89C1BFB3BCD00A43AD9 /* testCommandLine */,
			);
		};
/* End PBXProject section */

/* Begin PBXSourcesBuildPhase section */
		CE88C8991BFB3BCD00A43AD9 /* Sources */ = {
			isa = PBXSourcesBuildPhase;
			buildActionMask = 2147483647;
			files = (
				CE88C8A11BFB3BCD00A43AD9 /* main.cpp in Sources */,
				CE88C8A91BFB3D8500A43AD9 /* test.cpp in Sources */,
				CE50C3F11E685F5B00522768 /* AutoSignal.cpp in Sources */,
				CE20BFB41E5B43CD00A03537 /* test2.cpp in Sources */,
			);
			runOnlyForDeploymentPostprocessing = 0;
		};
/* End PBXSourcesBuildPhase section */

/* Begin XCBuildConfiguration section */
		CE88C8A21BFB3BCD00A43AD9 /* Debug */ = {
			isa = XCBuildConfiguration;
			buildSettings = {
				ALWAYS_SEARCH_USER_PATHS = NO;
				CLANG_CXX_LANGUAGE_STANDARD = "gnu++0x";
				CLANG_CXX_LIBRARY = "libc++";
				CLANG_ENABLE_MODULES = YES;
				CLANG_ENABLE_OBJC_ARC = YES;
				CLANG_WARN_BOOL_CONVERSION = YES;
				CLANG_WARN_CONSTANT_CONVERSION = YES;
				CLANG_WARN_DIRECT_OBJC_ISA_USAGE = YES_ERROR;
				CLANG_WARN_EMPTY_BODY = YES;
				CLANG_WARN_ENUM_CONVERSION = YES;
				CLANG_WARN_INFINITE_RECURSION = YES;
				CLANG_WARN_INT_CONVERSION = YES;
				CLANG_WARN_OBJC_ROOT_CLASS = YES_ERROR;
				CLANG_WARN_SUSPICIOUS_MOVE = YES;
				CLANG_WARN_UNREACHABLE_CODE = YES;
				CLANG_WARN__DUPLICATE_METHOD_MATCH = YES;
				COPY_PHASE_STRIP = NO;
				DEBUG_INFORMATION_FORMAT = dwarf;
				ENABLE_STRICT_OBJC_MSGSEND = YES;
				ENABLE_TESTABILITY = YES;
				GCC_C_LANGUAGE_STANDARD = gnu99;
				GCC_DYNAMIC_NO_PIC = NO;
				GCC_NO_COMMON_BLOCKS = YES;
				GCC_OPTIMIZATION_LEVEL = 0;
				GCC_PREPROCESSOR_DEFINITIONS = (
					DEBUG,
					"$(inherited)",
				);
				GCC_WARN_64_TO_32_BIT_CONVERSION = YES;
				GCC_WARN_ABOUT_RETURN_TYPE = YES_ERROR;
				GCC_WARN_UNDECLARED_SELECTOR = YES;
				GCC_WARN_UNINITIALIZED_AUTOS = YES_AGGRESSIVE;
				GCC_WARN_UNUSED_FUNCTION = YES;
				GCC_WARN_UNUSED_VARIABLE = YES;
				HEADER_SEARCH_PATHS = ./boost_1_63_0;
				MACOSX_DEPLOYMENT_TARGET = 10.10;
				MTL_ENABLE_DEBUG_INFO = YES;
				ONLY_ACTIVE_ARCH = YES;
				SDKROOT = macosx;
			};
			name = Debug;
		};
		CE88C8A31BFB3BCD00A43AD9 /* Release */ = {
			isa = XCBuildConfiguration;
			buildSettings = {
				ALWAYS_SEARCH_USER_PATHS = NO;
				CLANG_CXX_LANGUAGE_STANDARD = "gnu++0x";
				CLANG_CXX_LIBRARY = "libc++";
				CLANG_ENABLE_MODULES = YES;
				CLANG_ENABLE_OBJC_ARC = YES;
				CLANG_WARN_BOOL_CONVERSION = YES;
				CLANG_WARN_CONSTANT_CONVERSION = YES;
				CLANG_WARN_DIRECT_OBJC_ISA_USAGE = YES_ERROR;
				CLANG_WARN_EMPTY_BODY = YES;
				CLANG_WARN_ENUM_CONVERSION = YES;
				CLANG_WARN_INFINITE_RECURSION = YES;
				CLANG_WARN_INT_CONVERSION = YES;
				CLANG_WARN_OBJC_ROOT_CLASS = YES_ERROR;
				CLANG_WARN_SUSPICIOUS_MOVE = YES;
				CLANG_WARN_UNREACHABLE_CODE = YES;
				CLANG_WARN__DUPLICATE_METHOD_MATCH = YES;
				COPY_PHASE_STRIP = NO;
				DEBUG_INFORMATION_FORMAT = "dwarf-with-dsym";
				ENABLE_NS_ASSERTIONS = NO;
				ENABLE_STRICT_OBJC_MSGSEND = YES;
				GCC_C_LANGUAGE_STANDARD = gnu99;
				GCC_NO_COMMON_BLOCKS = YES;
				GCC_PREPROCESSOR_DEFINITIONS = NDEBUG;
				GCC_WARN_64_TO_32_BIT_CONVERSION = YES;
				GCC_WARN_ABOUT_RETURN_TYPE = YES_ERROR;
				GCC_WARN_UNDECLARED_SELECTOR = YES;
				GCC_WARN_UNINITIALIZED_AUTOS = YES_AGGRESSIVE;
				GCC_WARN_UNUSED_FUNCTION = YES;
				GCC_WARN_UNUSED_VARIABLE = YES;
				HEADER_SEARCH_PATHS = ./boost_1_63_0;
				MACOSX_DEPLOYMENT_TARGET = 10.10;
				MTL_ENABLE_DEBUG_INFO = NO;
				SDKROOT = macosx;
			};
			name = Release;
		};
		CE88C8A51BFB3BCD00A43AD9 /* Debug */ = {
			isa = XCBuildConfiguration;
			buildSettings = {
				GCC_PREPROCESSOR_DEFINITIONS = "$(inherited)";
				"GCC_PREPROCESSOR_DEFINITIONS[arch=*]" = "$(inherited)";
				PRODUCT_NAME = "$(TARGET_NAME)";
			};
			name = Debug;
		};
		CE88C8A61BFB3BCD00A43AD9 /* Release */ = {
			isa = XCBuildConfiguration;
			buildSettings = {
				PRODUCT_NAME = "$(TARGET_NAME)";
			};
			name = Release;
		};
/* End XCBuildConfiguration section */

/* Begin XCConfigurationList section */
		CE88C8981BFB3BCD00A43AD9 /* Build configuration list for PBXProject "testCommandLine" */ = {
			isa = XCConfigurationList;
			buildConfigurations = (
				CE88C8A21BFB3BCD00A43AD9 /* Debug */,
				CE88C8A31BFB3BCD00A43AD9 /* Release */,
			);
			defaultConfigurationIsVisible = 0;
			defaultConfigurationName = Release;
		};
		CE88C8A41BFB3BCD00A43AD9 /* Build configuration list for PBXNativeTarget "testCommandLine" */ = {
			isa = XCConfigurationList;
			buildConfigurations = (
				CE88C8A51BFB3BCD00A43AD9 /* Debug */,
				CE88C8A61BFB3BCD00A43AD9 /* Release */,
			);
			defaultConfigurationIsVisible = 0;
			defaultConfigurationName = Release;
		};
/* End XCConfigurationList section */
	};
	rootObject = CE88C8951BFB3BCD00A43AD9 /* Project object */;
}
